
Microsoft Visual Studio Solution File, Format Version 12.00
# Visual Studio Version 16
VisualStudioVersion = 16.0.31205.134
MinimumVisualStudioVersion = 10.0.40219.1
Project("{FAE04EC0-301F-11D3-BF4B-00C04F79EFBC}") = "events", "events\events.csproj", "{627CA5B5-33B7-40D2-88D3-FDD823278EFB}"
EndProject
Global
	GlobalSection(SolutionConfigurationPlatforms) = preSolution
		Debug|Any CPU = Debug|Any CPU
		Release|Any CPU = Release|Any CPU
	EndGlobalSection
	GlobalSection(ProjectConfigurationPlatforms) = postSolution
		{627CA5B5-33B7-40D2-88D3-FDD823278EFB}.Debug|Any CPU.ActiveCfg = Debug|Any CPU
		{627CA5B5-33B7-40D2-88D3-FDD823278EFB}.Debug|Any CPU.Build.0 = Debug|Any CPU
		{627CA5B5-33B7-40D2-88D3-FDD823278EFB}.Release|Any CPU.ActiveCfg = Release|Any CPU
		{627CA5B5-33B7-40D2-88D3-FDD823278EFB}.Release|Any CPU.Build.0 = Release|Any CPU
	EndGlobalSection
	GlobalSection(SolutionProperties) = preSolution
		HideSolutionNode = FALSE
	EndGlobalSection
	GlobalSection(ExtensibilityGlobals) = postSolution
		SolutionGuid = {4728A9ED-5F18-4C13-96F1-F3B5507B0807}
	EndGlobalSection
EndGlobal
